
Microsoft Visual Studio Solution File, Format Version 12.00
# Visual Studio Version 16
VisualStudioVersion = 16.0.29709.97
MinimumVisualStudioVersion = 10.0.40219.1
Project("{FAE04EC0-301F-11D3-BF4B-00C04F79EFBC}") = "(Practice10)6", "(Practice10)6\(Practice10)6.csproj", "{521C50B7-94D5-4FD9-AC57-6E854911B692}"
EndProject
Global
	GlobalSection(SolutionConfigurationPlatforms) = preSolution
		Debug|Any CPU = Debug|Any CPU
		Release|Any CPU = Release|Any CPU
	EndGlobalSection
	GlobalSection(ProjectConfigurationPlatforms) = postSolution
		{521C50B7-94D5-4FD9-AC57-6E854911B692}.Debug|Any CPU.ActiveCfg = Debug|Any CPU
		{521C50B7-94D5-4FD9-AC57-6E854911B692}.Debug|Any CPU.Build.0 = Debug|Any CPU
		{521C50B7-94D5-4FD9-AC57-6E854911B692}.Release|Any CPU.ActiveCfg = Release|Any CPU
		{521C50B7-94D5-4FD9-AC57-6E854911B692}.Release|Any CPU.Build.0 = Release|Any CPU
	EndGlobalSection
	GlobalSection(SolutionProperties) = preSolution
		HideSolutionNode = FALSE
	EndGlobalSection
	GlobalSection(ExtensibilityGlobals) = postSolution
		SolutionGuid = {959100AF-E2C9-4C51-89EA-342C016DAC94}
	EndGlobalSection
EndGlobal
