
Microsoft Visual Studio Solution File, Format Version 12.00
# Visual Studio Version 16
VisualStudioVersion = 16.0.29709.97
MinimumVisualStudioVersion = 10.0.40219.1
Project("{FAE04EC0-301F-11D3-BF4B-00C04F79EFBC}") = "(Practice3)59k", "(Practice3)59k\(Practice3)59k.csproj", "{17D48D40-19D5-4FE4-B3DE-2C7F6A8A244D}"
EndProject
Global
	GlobalSection(SolutionConfigurationPlatforms) = preSolution
		Debug|Any CPU = Debug|Any CPU
		Release|Any CPU = Release|Any CPU
	EndGlobalSection
	GlobalSection(ProjectConfigurationPlatforms) = postSolution
		{17D48D40-19D5-4FE4-B3DE-2C7F6A8A244D}.Debug|Any CPU.ActiveCfg = Debug|Any CPU
		{17D48D40-19D5-4FE4-B3DE-2C7F6A8A244D}.Debug|Any CPU.Build.0 = Debug|Any CPU
		{17D48D40-19D5-4FE4-B3DE-2C7F6A8A244D}.Release|Any CPU.ActiveCfg = Release|Any CPU
		{17D48D40-19D5-4FE4-B3DE-2C7F6A8A244D}.Release|Any CPU.Build.0 = Release|Any CPU
	EndGlobalSection
	GlobalSection(SolutionProperties) = preSolution
		HideSolutionNode = FALSE
	EndGlobalSection
	GlobalSection(ExtensibilityGlobals) = postSolution
		SolutionGuid = {31A6FEBE-04BE-4767-86AE-EB419DE36182}
	EndGlobalSection
EndGlobal
