
Microsoft Visual Studio Solution File, Format Version 12.00
# Visual Studio Version 16
VisualStudioVersion = 16.0.29709.97
MinimumVisualStudioVersion = 10.0.40219.1
Project("{FAE04EC0-301F-11D3-BF4B-00C04F79EFBC}") = "(Practice5)402b", "(Practice5)402b\(Practice5)402b.csproj", "{FFBA3547-CE26-49C2-A83B-67DDA097790A}"
EndProject
Global
	GlobalSection(SolutionConfigurationPlatforms) = preSolution
		Debug|Any CPU = Debug|Any CPU
		Release|Any CPU = Release|Any CPU
	EndGlobalSection
	GlobalSection(ProjectConfigurationPlatforms) = postSolution
		{FFBA3547-CE26-49C2-A83B-67DDA097790A}.Debug|Any CPU.ActiveCfg = Debug|Any CPU
		{FFBA3547-CE26-49C2-A83B-67DDA097790A}.Debug|Any CPU.Build.0 = Debug|Any CPU
		{FFBA3547-CE26-49C2-A83B-67DDA097790A}.Release|Any CPU.ActiveCfg = Release|Any CPU
		{FFBA3547-CE26-49C2-A83B-67DDA097790A}.Release|Any CPU.Build.0 = Release|Any CPU
	EndGlobalSection
	GlobalSection(SolutionProperties) = preSolution
		HideSolutionNode = FALSE
	EndGlobalSection
	GlobalSection(ExtensibilityGlobals) = postSolution
		SolutionGuid = {8AB93CFB-328E-47D2-BE0A-F1EFC28FF610}
	EndGlobalSection
EndGlobal
